// !$*UTF8*$!
{
	archiveVersion = 1;
	classes = {
	};
	objectVersion = 46;
	objects = {

/* Begin PBXBuildFile section */
		4BAB64561F05805B006E05CB /* AppDelegate.swift in Sources */ = {isa = PBXBuildFile; fileRef = 4BAB64551F05805B006E05CB /* AppDelegate.swift */; };
		4BAB64581F05805B006E05CB /* ViewController.swift in Sources */ = {isa = PBXBuildFile; fileRef = 4BAB64571F05805B006E05CB /* ViewController.swift */; };
		4BAB645B1F05805B006E05CB /* Main.storyboard in Resources */ = {isa = PBXBuildFile; fileRef = 4BAB64591F05805B006E05CB /* Main.storyboard */; };
		4BAB645D1F05805B006E05CB /* Assets.xcassets in Resources */ = {isa = PBXBuildFile; fileRef = 4BAB645C1F05805B006E05CB /* Assets.xcassets */; };
		4BAB64601F05805B006E05CB /* LaunchScreen.storyboard in Resources */ = {isa = PBXBuildFile; fileRef = 4BAB645E1F05805B006E05CB /* LaunchScreen.storyboard */; };
		4BAB646B1F05805B006E05CB /* nfc_readerTests.swift in Sources */ = {isa = PBXBuildFile; fileRef = 4BAB646A1F05805B006E05CB /* nfc_readerTests.swift */; };
/* End PBXBuildFile section */

/* Begin PBXContainerItemProxy section */
		4BAB64671F05805B006E05CB /* PBXContainerItemProxy */ = {
			isa = PBXContainerItemProxy;
			containerPortal = 4BAB644A1F05805B006E05CB /* Project object */;
			proxyType = 1;
			remoteGlobalIDString = 4BAB64511F05805B006E05CB;
			remoteInfo = "nfc-reader";
		};
/* End PBXContainerItemProxy section */

/* Begin PBXFileReference section */
		4BAB64521F05805B006E05CB /* nfc-reader.app */ = {isa = PBXFileReference; explicitFileType = wrapper.application; includeInIndex = 0; path = "nfc-reader.app"; sourceTree = BUILT_PRODUCTS_DIR; };
		4BAB64551F05805B006E05CB /* AppDelegate.swift */ = {isa = PBXFileReference; lastKnownFileType = sourcecode.swift; path = AppDelegate.swift; sourceTree = "<group>"; };
		4BAB64571F05805B006E05CB /* ViewController.swift */ = {isa = PBXFileReference; lastKnownFileType = sourcecode.swift; path = ViewController.swift; sourceTree = "<group>"; };
		4BAB645A1F05805B006E05CB /* Base */ = {isa = PBXFileReference; lastKnownFileType = file.storyboard; name = Base; path = Base.lproj/Main.storyboard; sourceTree = "<group>"; };
		4BAB645C1F05805B006E05CB /* Assets.xcassets */ = {isa = PBXFileReference; lastKnownFileType = folder.assetcatalog; path = Assets.xcassets; sourceTree = "<group>"; };
		4BAB645F1F05805B006E05CB /* Base */ = {isa = PBXFileReference; lastKnownFileType = file.storyboard; name = Base; path = Base.lproj/LaunchScreen.storyboard; sourceTree = "<group>"; };
		4BAB64611F05805B006E05CB /* Info.plist */ = {isa = PBXFileReference; lastKnownFileType = text.plist.xml; path = Info.plist; sourceTree = "<group>"; };
		4BAB64661F05805B006E05CB /* nfc-readerTests.xctest */ = {isa = PBXFileReference; explicitFileType = wrapper.cfbundle; includeInIndex = 0; path = "nfc-readerTests.xctest"; sourceTree = BUILT_PRODUCTS_DIR; };
		4BAB646A1F05805B006E05CB /* nfc_readerTests.swift */ = {isa = PBXFileReference; lastKnownFileType = sourcecode.swift; path = nfc_readerTests.swift; sourceTree = "<group>"; };
		4BAB646C1F05805B006E05CB /* Info.plist */ = {isa = PBXFileReference; lastKnownFileType = text.plist.xml; path = Info.plist; sourceTree = "<group>"; };
/* End PBXFileReference section */

/* Begin PBXFrameworksBuildPhase section */
		4BAB644F1F05805B006E05CB /* Frameworks */ = {
			isa = PBXFrameworksBuildPhase;
			buildActionMask = 2147483647;
			files = (
			);
			runOnlyForDeploymentPostprocessing = 0;
		};
		4BAB64631F05805B006E05CB /* Frameworks */ = {
			isa = PBXFrameworksBuildPhase;
			buildActionMask = 2147483647;
			files = (
			);
			runOnlyForDeploymentPostprocessing = 0;
		};
/* End PBXFrameworksBuildPhase section */

/* Begin PBXGroup section */
		4BAB64491F05805B006E05CB = {
			isa = PBXGroup;
			children = (
				4BAB64541F05805B006E05CB /* nfc-reader */,
				4BAB64691F05805B006E05CB /* nfc-readerTests */,
				4BAB64531F05805B006E05CB /* Products */,
			);
			sourceTree = "<group>";
		};
		4BAB64531F05805B006E05CB /* Products */ = {
			isa = PBXGroup;
			children = (
				4BAB64521F05805B006E05CB /* nfc-reader.app */,
				4BAB64661F05805B006E05CB /* nfc-readerTests.xctest */,
			);
			name = Products;
			sourceTree = "<group>";
		};
		4BAB64541F05805B006E05CB /* nfc-reader */ = {
			isa = PBXGroup;
			children = (
				4BAB64551F05805B006E05CB /* AppDelegate.swift */,
				4BAB64571F05805B006E05CB /* ViewController.swift */,
				4BAB64591F05805B006E05CB /* Main.storyboard */,
				4BAB645C1F05805B006E05CB /* Assets.xcassets */,
				4BAB645E1F05805B006E05CB /* LaunchScreen.storyboard */,
				4BAB64611F05805B006E05CB /* Info.plist */,
			);
			path = "nfc-reader";
			sourceTree = "<group>";
		};
		4BAB64691F05805B006E05CB /* nfc-readerTests */ = {
			isa = PBXGroup;
			children = (
				4BAB646A1F05805B006E05CB /* nfc_readerTests.swift */,
				4BAB646C1F05805B006E05CB /* Info.plist */,
			);
			path = "nfc-readerTests";
			sourceTree = "<group>";
		};
/* End PBXGroup section */

/* Begin PBXNativeTarget section */
		4BAB64511F05805B006E05CB /* nfc-reader */ = {
			isa = PBXNativeTarget;
			buildConfigurationList = 4BAB646F1F05805B006E05CB /* Build configuration list for PBXNativeTarget "nfc-reader" */;
			buildPhases = (
				4BAB644E1F05805B006E05CB /* Sources */,
				4BAB644F1F05805B006E05CB /* Frameworks */,
				4BAB64501F05805B006E05CB /* Resources */,
			);
			buildRules = (
			);
			dependencies = (
			);
			name = "nfc-reader";
			productName = "nfc-reader";
			productReference = 4BAB64521F05805B006E05CB /* nfc-reader.app */;
			productType = "com.apple.product-type.application";
		};
		4BAB64651F05805B006E05CB /* nfc-readerTests */ = {
			isa = PBXNativeTarget;
			buildConfigurationList = 4BAB64721F05805B006E05CB /* Build configuration list for PBXNativeTarget "nfc-readerTests" */;
			buildPhases = (
				4BAB64621F05805B006E05CB /* Sources */,
				4BAB64631F05805B006E05CB /* Frameworks */,
				4BAB64641F05805B006E05CB /* Resources */,
			);
			buildRules = (
			);
			dependencies = (
				4BAB64681F05805B006E05CB /* PBXTargetDependency */,
			);
			name = "nfc-readerTests";
			productName = "nfc-readerTests";
			productReference = 4BAB64661F05805B006E05CB /* nfc-readerTests.xctest */;
			productType = "com.apple.product-type.bundle.unit-test";
		};
/* End PBXNativeTarget section */

/* Begin PBXProject section */
		4BAB644A1F05805B006E05CB /* Project object */ = {
			isa = PBXProject;
			attributes = {
				LastSwiftUpdateCheck = 0830;
				LastUpgradeCheck = 0830;
				ORGANIZATIONNAME = "Mitch Drew";
				TargetAttributes = {
					4BAB64511F05805B006E05CB = {
						CreatedOnToolsVersion = 8.3.3;
						ProvisioningStyle = Automatic;
					};
					4BAB64651F05805B006E05CB = {
						CreatedOnToolsVersion = 8.3.3;
						ProvisioningStyle = Automatic;
						TestTargetID = 4BAB64511F05805B006E05CB;
					};
				};
			};
			buildConfigurationList = 4BAB644D1F05805B006E05CB /* Build configuration list for PBXProject "nfc-reader" */;
			compatibilityVersion = "Xcode 3.2";
			developmentRegion = English;
			hasScannedForEncodings = 0;
			knownRegions = (
				en,
				Base,
			);
			mainGroup = 4BAB64491F05805B006E05CB;
			productRefGroup = 4BAB64531F05805B006E05CB /* Products */;
			projectDirPath = "";
			projectRoot = "";
			targets = (
				4BAB64511F05805B006E05CB /* nfc-reader */,
				4BAB64651F05805B006E05CB /* nfc-readerTests */,
			);
		};
/* End PBXProject section */

/* Begin PBXResourcesBuildPhase section */
		4BAB64501F05805B006E05CB /* Resources */ = {
			isa = PBXResourcesBuildPhase;
			buildActionMask = 2147483647;
			files = (
				4BAB64601F05805B006E05CB /* LaunchScreen.storyboard in Resources */,
				4BAB645D1F05805B006E05CB /* Assets.xcassets in Resources */,
				4BAB645B1F05805B006E05CB /* Main.storyboard in Resources */,
			);
			runOnlyForDeploymentPostprocessing = 0;
		};
		4BAB64641F05805B006E05CB /* Resources */ = {
			isa = PBXResourcesBuildPhase;
			buildActionMask = 2147483647;
			files = (
			);
			runOnlyForDeploymentPostprocessing = 0;
		};
/* End PBXResourcesBuildPhase section */

/* Begin PBXSourcesBuildPhase section */
		4BAB644E1F05805B006E05CB /* Sources */ = {
			isa = PBXSourcesBuildPhase;
			buildActionMask = 2147483647;
			files = (
				4BAB64581F05805B006E05CB /* ViewController.swift in Sources */,
				4BAB64561F05805B006E05CB /* AppDelegate.swift in Sources */,
			);
			runOnlyForDeploymentPostprocessing = 0;
		};
		4BAB64621F05805B006E05CB /* Sources */ = {
			isa = PBXSourcesBuildPhase;
			buildActionMask = 2147483647;
			files = (
				4BAB646B1F05805B006E05CB /* nfc_readerTests.swift in Sources */,
			);
			runOnlyForDeploymentPostprocessing = 0;
		};
/* End PBXSourcesBuildPhase section */

/* Begin PBXTargetDependency section */
		4BAB64681F05805B006E05CB /* PBXTargetDependency */ = {
			isa = PBXTargetDependency;
			target = 4BAB64511F05805B006E05CB /* nfc-reader */;
			targetProxy = 4BAB64671F05805B006E05CB /* PBXContainerItemProxy */;
		};
/* End PBXTargetDependency section */

/* Begin PBXVariantGroup section */
		4BAB64591F05805B006E05CB /* Main.storyboard */ = {
			isa = PBXVariantGroup;
			children = (
				4BAB645A1F05805B006E05CB /* Base */,
			);
			name = Main.storyboard;
			sourceTree = "<group>";
		};
		4BAB645E1F05805B006E05CB /* LaunchScreen.storyboard */ = {
			isa = PBXVariantGroup;
			children = (
				4BAB645F1F05805B006E05CB /* Base */,
			);
			name = LaunchScreen.storyboard;
			sourceTree = "<group>";
		};
/* End PBXVariantGroup section */

/* Begin XCBuildConfiguration section */
		4BAB646D1F05805B006E05CB /* Debug */ = {
			isa = XCBuildConfiguration;
			buildSettings = {
				ALWAYS_SEARCH_USER_PATHS = NO;
				CLANG_ANALYZER_NONNULL = YES;
				CLANG_ANALYZER_NUMBER_OBJECT_CONVERSION = YES_AGGRESSIVE;
				CLANG_CXX_LANGUAGE_STANDARD = "gnu++0x";
				CLANG_CXX_LIBRARY = "libc++";
				CLANG_ENABLE_MODULES = YES;
				CLANG_ENABLE_OBJC_ARC = YES;
				CLANG_WARN_BOOL_CONVERSION = YES;
				CLANG_WARN_CONSTANT_CONVERSION = YES;
				CLANG_WARN_DIRECT_OBJC_ISA_USAGE = YES_ERROR;
				CLANG_WARN_DOCUMENTATION_COMMENTS = YES;
				CLANG_WARN_EMPTY_BODY = YES;
				CLANG_WARN_ENUM_CONVERSION = YES;
				CLANG_WARN_INFINITE_RECURSION = YES;
				CLANG_WARN_INT_CONVERSION = YES;
				CLANG_WARN_OBJC_ROOT_CLASS = YES_ERROR;
				CLANG_WARN_SUSPICIOUS_MOVE = YES;
				CLANG_WARN_UNREACHABLE_CODE = YES;
				CLANG_WARN__DUPLICATE_METHOD_MATCH = YES;
				"CODE_SIGN_IDENTITY[sdk=iphoneos*]" = "iPhone Developer";
				COPY_PHASE_STRIP = NO;
				DEBUG_INFORMATION_FORMAT = dwarf;
				ENABLE_STRICT_OBJC_MSGSEND = YES;
				ENABLE_TESTABILITY = YES;
				GCC_C_LANGUAGE_STANDARD = gnu99;
				GCC_DYNAMIC_NO_PIC = NO;
				GCC_NO_COMMON_BLOCKS = YES;
				GCC_OPTIMIZATION_LEVEL = 0;
				GCC_PREPROCESSOR_DEFINITIONS = (
					"DEBUG=1",
					"$(inherited)",
				);
				GCC_WARN_64_TO_32_BIT_CONVERSION = YES;
				GCC_WARN_ABOUT_RETURN_TYPE = YES_ERROR;
				GCC_WARN_UNDECLARED_SELECTOR = YES;
				GCC_WARN_UNINITIALIZED_AUTOS = YES_AGGRESSIVE;
				GCC_WARN_UNUSED_FUNCTION = YES;
				GCC_WARN_UNUSED_VARIABLE = YES;
				IPHONEOS_DEPLOYMENT_TARGET = 10.3;
				MTL_ENABLE_DEBUG_INFO = YES;
				ONLY_ACTIVE_ARCH = YES;
				SDKROOT = iphoneos;
				SWIFT_ACTIVE_COMPILATION_CONDITIONS = DEBUG;
				SWIFT_OPTIMIZATION_LEVEL = "-Onone";
			};
			name = Debug;
		};
		4BAB646E1F05805B006E05CB /* Release */ = {
			isa = XCBuildConfiguration;
			buildSettings = {
				ALWAYS_SEARCH_USER_PATHS = NO;
				CLANG_ANALYZER_NONNULL = YES;
				CLANG_ANALYZER_NUMBER_OBJECT_CONVERSION = YES_AGGRESSIVE;
				CLANG_CXX_LANGUAGE_STANDARD = "gnu++0x";
				CLANG_CXX_LIBRARY = "libc++";
				CLANG_ENABLE_MODULES = YES;
				CLANG_ENABLE_OBJC_ARC = YES;
				CLANG_WARN_BOOL_CONVERSION = YES;
				CLANG_WARN_CONSTANT_CONVERSION = YES;
				CLANG_WARN_DIRECT_OBJC_ISA_USAGE = YES_ERROR;
				CLANG_WARN_DOCUMENTATION_COMMENTS = YES;
				CLANG_WARN_EMPTY_BODY = YES;
				CLANG_WARN_ENUM_CONVERSION = YES;
				CLANG_WARN_INFINITE_RECURSION = YES;
				CLANG_WARN_INT_CONVERSION = YES;
				CLANG_WARN_OBJC_ROOT_CLASS = YES_ERROR;
				CLANG_WARN_SUSPICIOUS_MOVE = YES;
				CLANG_WARN_UNREACHABLE_CODE = YES;
				CLANG_WARN__DUPLICATE_METHOD_MATCH = YES;
				"CODE_SIGN_IDENTITY[sdk=iphoneos*]" = "iPhone Developer";
				COPY_PHASE_STRIP = NO;
				DEBUG_INFORMATION_FORMAT = "dwarf-with-dsym";
				ENABLE_NS_ASSERTIONS = NO;
				ENABLE_STRICT_OBJC_MSGSEND = YES;
				GCC_C_LANGUAGE_STANDARD = gnu99;
				GCC_NO_COMMON_BLOCKS = YES;
				GCC_WARN_64_TO_32_BIT_CONVERSION = YES;
				GCC_WARN_ABOUT_RETURN_TYPE = YES_ERROR;
				GCC_WARN_UNDECLARED_SELECTOR = YES;
				GCC_WARN_UNINITIALIZED_AUTOS = YES_AGGRESSIVE;
				GCC_WARN_UNUSED_FUNCTION = YES;
				GCC_WARN_UNUSED_VARIABLE = YES;
				IPHONEOS_DEPLOYMENT_TARGET = 10.3;
				MTL_ENABLE_DEBUG_INFO = NO;
				SDKROOT = iphoneos;
				SWIFT_OPTIMIZATION_LEVEL = "-Owholemodule";
				VALIDATE_PRODUCT = YES;
			};
			name = Release;
		};
		4BAB64701F05805B006E05CB /* Debug */ = {
			isa = XCBuildConfiguration;
			buildSettings = {
				ASSETCATALOG_COMPILER_APPICON_NAME = AppIcon;
				INFOPLIST_FILE = "nfc-reader/Info.plist";
				LD_RUNPATH_SEARCH_PATHS = "$(inherited) @executable_path/Frameworks";
				PRODUCT_BUNDLE_IDENTIFIER = "com.moovel.nfc-reader";
				PRODUCT_NAME = "$(TARGET_NAME)";
				SWIFT_VERSION = 3.0;
			};
			name = Debug;
		};
		4BAB64711F05805B006E05CB /* Release */ = {
			isa = XCBuildConfiguration;
			buildSettings = {
				ASSETCATALOG_COMPILER_APPICON_NAME = AppIcon;
				INFOPLIST_FILE = "nfc-reader/Info.plist";
				LD_RUNPATH_SEARCH_PATHS = "$(inherited) @executable_path/Frameworks";
				PRODUCT_BUNDLE_IDENTIFIER = "com.moovel.nfc-reader";
				PRODUCT_NAME = "$(TARGET_NAME)";
				SWIFT_VERSION = 3.0;
			};
			name = Release;
		};
		4BAB64731F05805B006E05CB /* Debug */ = {
			isa = XCBuildConfiguration;
			buildSettings = {
				ALWAYS_EMBED_SWIFT_STANDARD_LIBRARIES = YES;
				BUNDLE_LOADER = "$(TEST_HOST)";
				INFOPLIST_FILE = "nfc-readerTests/Info.plist";
				LD_RUNPATH_SEARCH_PATHS = "$(inherited) @executable_path/Frameworks @loader_path/Frameworks";
				PRODUCT_BUNDLE_IDENTIFIER = "com.moovel.nfc-readerTests";
				PRODUCT_NAME = "$(TARGET_NAME)";
				SWIFT_VERSION = 3.0;
				TEST_HOST = "$(BUILT_PRODUCTS_DIR)/nfc-reader.app/nfc-reader";
			};
			name = Debug;
		};
		4BAB64741F05805B006E05CB /* Release */ = {
			isa = XCBuildConfiguration;
			buildSettings = {
				ALWAYS_EMBED_SWIFT_STANDARD_LIBRARIES = YES;
				BUNDLE_LOADER = "$(TEST_HOST)";
				INFOPLIST_FILE = "nfc-readerTests/Info.plist";
				LD_RUNPATH_SEARCH_PATHS = "$(inherited) @executable_path/Frameworks @loader_path/Frameworks";
				PRODUCT_BUNDLE_IDENTIFIER = "com.moovel.nfc-readerTests";
				PRODUCT_NAME = "$(TARGET_NAME)";
				SWIFT_VERSION = 3.0;
				TEST_HOST = "$(BUILT_PRODUCTS_DIR)/nfc-reader.app/nfc-reader";
			};
			name = Release;
		};
/* End XCBuildConfiguration section */

/* Begin XCConfigurationList section */
		4BAB644D1F05805B006E05CB /* Build configuration list for PBXProject "nfc-reader" */ = {
			isa = XCConfigurationList;
			buildConfigurations = (
				4BAB646D1F05805B006E05CB /* Debug */,
				4BAB646E1F05805B006E05CB /* Release */,
			);
			defaultConfigurationIsVisible = 0;
			defaultConfigurationName = Release;
		};
		4BAB646F1F05805B006E05CB /* Build configuration list for PBXNativeTarget "nfc-reader" */ = {
			isa = XCConfigurationList;
			buildConfigurations = (
				4BAB64701F05805B006E05CB /* Debug */,
				4BAB64711F05805B006E05CB /* Release */,
			);
			defaultConfigurationIsVisible = 0;
		};
		4BAB64721F05805B006E05CB /* Build configuration list for PBXNativeTarget "nfc-readerTests" */ = {
			isa = XCConfigurationList;
			buildConfigurations = (
				4BAB64731F05805B006E05CB /* Debug */,
				4BAB64741F05805B006E05CB /* Release */,
			);
			defaultConfigurationIsVisible = 0;
		};
/* End XCConfigurationList section */
	};
	rootObject = 4BAB644A1F05805B006E05CB /* Project object */;
}
